
Microsoft Visual Studio Solution File, Format Version 12.00
# Visual Studio 15
VisualStudioVersion = 15.0.26430.16
MinimumVisualStudioVersion = 10.0.40219.1
Project("{2150E333-8FDC-42A3-9474-1A3956D46DE8}") = "Engine", "Engine", "{273CFB2F-3F2E-4DC0-97D3-5AA5271BE232}"
EndProject
Project("{2150E333-8FDC-42A3-9474-1A3956D46DE8}") = "Programs", "Programs", "{409AADFD-87E0-4CAC-96DA-0C5C532E00F0}"
EndProject
Project("{2150E333-8FDC-42A3-9474-1A3956D46DE8}") = "Platform", "Platform", "{CB298F1D-687B-49E2-AD24-B5B963705558}"
EndProject
Project("{2150E333-8FDC-42A3-9474-1A3956D46DE8}") = "Android", "Android", "{676A9ED6-A59F-439B-8633-06CB81277222}"
EndProject
Project("{2150E333-8FDC-42A3-9474-1A3956D46DE8}") = "IOS", "IOS", "{B06831EA-D0F0-460B-905E-DF836B431CB5}"
EndProject
Project("{2150E333-8FDC-42A3-9474-1A3956D46DE8}") = "Win32", "Win32", "{93E5F5E7-3ECD-4821-93BD-A9E883119408}"
EndProject
Project("{8BC9CEB8-8B4A-11D0-8D11-00A0C91BC942}") = "egal-d", "egal-d\egal-d-engine.vcxproj", "{E0A70D3A-7AD3-4D45-A8DC-16953E7837C1}"
EndProject
Project("{8BC9CEB8-8B4A-11D0-8D11-00A0C91BC942}") = "egal-d-win32", "egal-d-win32\egal-d-win32.vcxproj", "{257F1D16-16A0-4679-8F68-5DAF39215431}"
EndProject
Global
	GlobalSection(SolutionConfigurationPlatforms) = preSolution
		Debug|ARM = Debug|ARM
		Debug|ARM64 = Debug|ARM64
		Debug|x64 = Debug|x64
		Debug|x86 = Debug|x86
		Release|ARM = Release|ARM
		Release|ARM64 = Release|ARM64
		Release|x64 = Release|x64
		Release|x86 = Release|x86
	EndGlobalSection
	GlobalSection(ProjectConfigurationPlatforms) = postSolution
		{E0A70D3A-7AD3-4D45-A8DC-16953E7837C1}.Debug|ARM.ActiveCfg = Debug|Win32
		{E0A70D3A-7AD3-4D45-A8DC-16953E7837C1}.Debug|ARM64.ActiveCfg = Debug|Win32
		{E0A70D3A-7AD3-4D45-A8DC-16953E7837C1}.Debug|x64.ActiveCfg = Debug|x64
		{E0A70D3A-7AD3-4D45-A8DC-16953E7837C1}.Debug|x64.Build.0 = Debug|x64
		{E0A70D3A-7AD3-4D45-A8DC-16953E7837C1}.Debug|x86.ActiveCfg = Debug|Win32
		{E0A70D3A-7AD3-4D45-A8DC-16953E7837C1}.Debug|x86.Build.0 = Debug|Win32
		{E0A70D3A-7AD3-4D45-A8DC-16953E7837C1}.Release|ARM.ActiveCfg = Release|Win32
		{E0A70D3A-7AD3-4D45-A8DC-16953E7837C1}.Release|ARM64.ActiveCfg = Release|Win32
		{E0A70D3A-7AD3-4D45-A8DC-16953E7837C1}.Release|x64.ActiveCfg = Release|x64
		{E0A70D3A-7AD3-4D45-A8DC-16953E7837C1}.Release|x64.Build.0 = Release|x64
		{E0A70D3A-7AD3-4D45-A8DC-16953E7837C1}.Release|x86.ActiveCfg = Release|Win32
		{E0A70D3A-7AD3-4D45-A8DC-16953E7837C1}.Release|x86.Build.0 = Release|Win32
		{257F1D16-16A0-4679-8F68-5DAF39215431}.Debug|ARM.ActiveCfg = Debug|Win32
		{257F1D16-16A0-4679-8F68-5DAF39215431}.Debug|ARM64.ActiveCfg = Debug|Win32
		{257F1D16-16A0-4679-8F68-5DAF39215431}.Debug|x64.ActiveCfg = Debug|x64
		{257F1D16-16A0-4679-8F68-5DAF39215431}.Debug|x64.Build.0 = Debug|x64
		{257F1D16-16A0-4679-8F68-5DAF39215431}.Debug|x86.ActiveCfg = Debug|Win32
		{257F1D16-16A0-4679-8F68-5DAF39215431}.Debug|x86.Build.0 = Debug|Win32
		{257F1D16-16A0-4679-8F68-5DAF39215431}.Release|ARM.ActiveCfg = Release|Win32
		{257F1D16-16A0-4679-8F68-5DAF39215431}.Release|ARM64.ActiveCfg = Release|Win32
		{257F1D16-16A0-4679-8F68-5DAF39215431}.Release|x64.ActiveCfg = Release|x64
		{257F1D16-16A0-4679-8F68-5DAF39215431}.Release|x64.Build.0 = Release|x64
		{257F1D16-16A0-4679-8F68-5DAF39215431}.Release|x86.ActiveCfg = Release|Win32
		{257F1D16-16A0-4679-8F68-5DAF39215431}.Release|x86.Build.0 = Release|Win32
	EndGlobalSection
	GlobalSection(SolutionProperties) = preSolution
		HideSolutionNode = FALSE
	EndGlobalSection
	GlobalSection(NestedProjects) = preSolution
		{676A9ED6-A59F-439B-8633-06CB81277222} = {CB298F1D-687B-49E2-AD24-B5B963705558}
		{B06831EA-D0F0-460B-905E-DF836B431CB5} = {CB298F1D-687B-49E2-AD24-B5B963705558}
		{93E5F5E7-3ECD-4821-93BD-A9E883119408} = {CB298F1D-687B-49E2-AD24-B5B963705558}
		{E0A70D3A-7AD3-4D45-A8DC-16953E7837C1} = {273CFB2F-3F2E-4DC0-97D3-5AA5271BE232}
		{257F1D16-16A0-4679-8F68-5DAF39215431} = {93E5F5E7-3ECD-4821-93BD-A9E883119408}
	EndGlobalSection
EndGlobal
