
Microsoft Visual Studio Solution File, Format Version 12.00
# Visual Studio 15
VisualStudioVersion = 15.0.26430.16
MinimumVisualStudioVersion = 10.0.40219.1
Project("{2150E333-8FDC-42A3-9474-1A3956D46DE8}") = "Engine", "Engine", "{273CFB2F-3F2E-4DC0-97D3-5AA5271BE232}"
EndProject
Project("{2150E333-8FDC-42A3-9474-1A3956D46DE8}") = "Programs", "Programs", "{409AADFD-87E0-4CAC-96DA-0C5C532E00F0}"
EndProject
Project("{2150E333-8FDC-42A3-9474-1A3956D46DE8}") = "Platform", "Platform", "{CB298F1D-687B-49E2-AD24-B5B963705558}"
EndProject
Project("{2150E333-8FDC-42A3-9474-1A3956D46DE8}") = "Android", "Android", "{676A9ED6-A59F-439B-8633-06CB81277222}"
EndProject
Project("{2150E333-8FDC-42A3-9474-1A3956D46DE8}") = "IOS", "IOS", "{B06831EA-D0F0-460B-905E-DF836B431CB5}"
EndProject
Project("{39E2626F-3545-4960-A6E8-258AD8476CE5}") = "egal-d-android", ".build\egal-d-android\egal-d-android.androidproj", "{44250D80-2AFF-4A6D-BAA4-1FAF1081CA00}"
EndProject
Project("{8BC9CEB8-8B4A-11D0-8D11-00A0C91BC942}") = "egal-d-ios.iOS.Application", ".build\egal-d-ios\egal-d-ios.iOS.Application\egal-d-ios.iOS.Application.xcodeproj\project.pbxproj", "{F6E47735-2FE8-41BE-8F85-F6CA583E2E90}"
EndProject
Project("{2150E333-8FDC-42A3-9474-1A3956D46DE8}") = "Library", "Library", "{AA155740-2FA8-4B11-A604-4DEAABB4AB12}"
EndProject
Project("{8BC9CEB8-8B4A-11D0-8D11-00A0C91BC942}") = "egal-d-ios.Shared", ".build\egal-d-ios\egal-d-ios.Shared\egal-d-ios.Shared.vcxitems", "{BB6ED0EA-72C4-4AC5-9516-96537051BA46}"
EndProject
Project("{8BC9CEB8-8B4A-11D0-8D11-00A0C91BC942}") = "egal-d-ios.iOS.StaticLibrary", ".build\egal-d-ios\egal-d-ios.iOS.StaticLibrary\egal-d-ios.iOS.StaticLibrary.vcxproj", "{C6FC4A70-8CAC-43A5-9413-95BDA6FC5384}"
EndProject
Project("{2150E333-8FDC-42A3-9474-1A3956D46DE8}") = "Win32", "Win32", "{93E5F5E7-3ECD-4821-93BD-A9E883119408}"
EndProject
Project("{8BC9CEB8-8B4A-11D0-8D11-00A0C91BC942}") = "egal-d", ".build\egal-d\egal-d-engine.vcxproj", "{E0A70D3A-7AD3-4D45-A8DC-16953E7837C1}"
EndProject
Project("{8BC9CEB8-8B4A-11D0-8D11-00A0C91BC942}") = "egal-d-win32", ".build\egal-d-win32\egal-d-win32.vcxproj", "{257F1D16-16A0-4679-8F68-5DAF39215431}"
EndProject
Global
	GlobalSection(SharedMSBuildProjectFiles) = preSolution
		.build\egal-d-ios\egal-d-ios.Shared\egal-d-ios.Shared.vcxitems*{bb6ed0ea-72c4-4ac5-9516-96537051ba46}*SharedItemsImports = 9
		.build\egal-d-ios\egal-d-ios.Shared\egal-d-ios.Shared.vcxitems*{c6fc4a70-8cac-43a5-9413-95bda6fc5384}*SharedItemsImports = 4
	EndGlobalSection
	GlobalSection(SolutionConfigurationPlatforms) = preSolution
		Debug|ARM = Debug|ARM
		Debug|ARM64 = Debug|ARM64
		Debug|x64 = Debug|x64
		Debug|x86 = Debug|x86
		Release|ARM = Release|ARM
		Release|ARM64 = Release|ARM64
		Release|x64 = Release|x64
		Release|x86 = Release|x86
	EndGlobalSection
	GlobalSection(ProjectConfigurationPlatforms) = postSolution
		{44250D80-2AFF-4A6D-BAA4-1FAF1081CA00}.Debug|ARM.ActiveCfg = Debug|ARM
		{44250D80-2AFF-4A6D-BAA4-1FAF1081CA00}.Debug|ARM.Build.0 = Debug|ARM
		{44250D80-2AFF-4A6D-BAA4-1FAF1081CA00}.Debug|ARM.Deploy.0 = Debug|ARM
		{44250D80-2AFF-4A6D-BAA4-1FAF1081CA00}.Debug|ARM64.ActiveCfg = Debug|ARM64
		{44250D80-2AFF-4A6D-BAA4-1FAF1081CA00}.Debug|ARM64.Build.0 = Debug|ARM64
		{44250D80-2AFF-4A6D-BAA4-1FAF1081CA00}.Debug|ARM64.Deploy.0 = Debug|ARM64
		{44250D80-2AFF-4A6D-BAA4-1FAF1081CA00}.Debug|x64.ActiveCfg = Debug|x64
		{44250D80-2AFF-4A6D-BAA4-1FAF1081CA00}.Debug|x64.Build.0 = Debug|x64
		{44250D80-2AFF-4A6D-BAA4-1FAF1081CA00}.Debug|x64.Deploy.0 = Debug|x64
		{44250D80-2AFF-4A6D-BAA4-1FAF1081CA00}.Debug|x86.ActiveCfg = Debug|x86
		{44250D80-2AFF-4A6D-BAA4-1FAF1081CA00}.Debug|x86.Build.0 = Debug|x86
		{44250D80-2AFF-4A6D-BAA4-1FAF1081CA00}.Debug|x86.Deploy.0 = Debug|x86
		{44250D80-2AFF-4A6D-BAA4-1FAF1081CA00}.Release|ARM.ActiveCfg = Release|ARM
		{44250D80-2AFF-4A6D-BAA4-1FAF1081CA00}.Release|ARM.Build.0 = Release|ARM
		{44250D80-2AFF-4A6D-BAA4-1FAF1081CA00}.Release|ARM.Deploy.0 = Release|ARM
		{44250D80-2AFF-4A6D-BAA4-1FAF1081CA00}.Release|ARM64.ActiveCfg = Release|ARM64
		{44250D80-2AFF-4A6D-BAA4-1FAF1081CA00}.Release|ARM64.Build.0 = Release|ARM64
		{44250D80-2AFF-4A6D-BAA4-1FAF1081CA00}.Release|ARM64.Deploy.0 = Release|ARM64
		{44250D80-2AFF-4A6D-BAA4-1FAF1081CA00}.Release|x64.ActiveCfg = Release|x64
		{44250D80-2AFF-4A6D-BAA4-1FAF1081CA00}.Release|x64.Build.0 = Release|x64
		{44250D80-2AFF-4A6D-BAA4-1FAF1081CA00}.Release|x64.Deploy.0 = Release|x64
		{44250D80-2AFF-4A6D-BAA4-1FAF1081CA00}.Release|x86.ActiveCfg = Release|x86
		{44250D80-2AFF-4A6D-BAA4-1FAF1081CA00}.Release|x86.Build.0 = Release|x86
		{44250D80-2AFF-4A6D-BAA4-1FAF1081CA00}.Release|x86.Deploy.0 = Release|x86
		{F6E47735-2FE8-41BE-8F85-F6CA583E2E90}.Debug|ARM.ActiveCfg = Debug|ARM
		{F6E47735-2FE8-41BE-8F85-F6CA583E2E90}.Debug|ARM.Build.0 = Debug|ARM
		{F6E47735-2FE8-41BE-8F85-F6CA583E2E90}.Debug|ARM.Deploy.0 = Debug|ARM
		{F6E47735-2FE8-41BE-8F85-F6CA583E2E90}.Debug|ARM64.ActiveCfg = Debug|ARM64
		{F6E47735-2FE8-41BE-8F85-F6CA583E2E90}.Debug|ARM64.Build.0 = Debug|ARM64
		{F6E47735-2FE8-41BE-8F85-F6CA583E2E90}.Debug|ARM64.Deploy.0 = Debug|ARM64
		{F6E47735-2FE8-41BE-8F85-F6CA583E2E90}.Debug|x64.ActiveCfg = Debug|x64
		{F6E47735-2FE8-41BE-8F85-F6CA583E2E90}.Debug|x64.Build.0 = Debug|x64
		{F6E47735-2FE8-41BE-8F85-F6CA583E2E90}.Debug|x64.Deploy.0 = Debug|x64
		{F6E47735-2FE8-41BE-8F85-F6CA583E2E90}.Debug|x86.ActiveCfg = Debug|x86
		{F6E47735-2FE8-41BE-8F85-F6CA583E2E90}.Debug|x86.Build.0 = Debug|x86
		{F6E47735-2FE8-41BE-8F85-F6CA583E2E90}.Debug|x86.Deploy.0 = Debug|x86
		{F6E47735-2FE8-41BE-8F85-F6CA583E2E90}.Release|ARM.ActiveCfg = Release|ARM
		{F6E47735-2FE8-41BE-8F85-F6CA583E2E90}.Release|ARM.Build.0 = Release|ARM
		{F6E47735-2FE8-41BE-8F85-F6CA583E2E90}.Release|ARM.Deploy.0 = Release|ARM
		{F6E47735-2FE8-41BE-8F85-F6CA583E2E90}.Release|ARM64.ActiveCfg = Release|ARM64
		{F6E47735-2FE8-41BE-8F85-F6CA583E2E90}.Release|ARM64.Build.0 = Release|ARM64
		{F6E47735-2FE8-41BE-8F85-F6CA583E2E90}.Release|ARM64.Deploy.0 = Release|ARM64
		{F6E47735-2FE8-41BE-8F85-F6CA583E2E90}.Release|x64.ActiveCfg = Release|x64
		{F6E47735-2FE8-41BE-8F85-F6CA583E2E90}.Release|x64.Build.0 = Release|x64
		{F6E47735-2FE8-41BE-8F85-F6CA583E2E90}.Release|x64.Deploy.0 = Release|x64
		{F6E47735-2FE8-41BE-8F85-F6CA583E2E90}.Release|x86.ActiveCfg = Release|x86
		{F6E47735-2FE8-41BE-8F85-F6CA583E2E90}.Release|x86.Build.0 = Release|x86
		{F6E47735-2FE8-41BE-8F85-F6CA583E2E90}.Release|x86.Deploy.0 = Release|x86
		{C6FC4A70-8CAC-43A5-9413-95BDA6FC5384}.Debug|ARM.ActiveCfg = Debug|ARM
		{C6FC4A70-8CAC-43A5-9413-95BDA6FC5384}.Debug|ARM.Build.0 = Debug|ARM
		{C6FC4A70-8CAC-43A5-9413-95BDA6FC5384}.Debug|ARM64.ActiveCfg = Debug|ARM64
		{C6FC4A70-8CAC-43A5-9413-95BDA6FC5384}.Debug|ARM64.Build.0 = Debug|ARM64
		{C6FC4A70-8CAC-43A5-9413-95BDA6FC5384}.Debug|x64.ActiveCfg = Debug|x64
		{C6FC4A70-8CAC-43A5-9413-95BDA6FC5384}.Debug|x64.Build.0 = Debug|x64
		{C6FC4A70-8CAC-43A5-9413-95BDA6FC5384}.Debug|x86.ActiveCfg = Debug|x86
		{C6FC4A70-8CAC-43A5-9413-95BDA6FC5384}.Debug|x86.Build.0 = Debug|x86
		{C6FC4A70-8CAC-43A5-9413-95BDA6FC5384}.Release|ARM.ActiveCfg = Release|ARM
		{C6FC4A70-8CAC-43A5-9413-95BDA6FC5384}.Release|ARM.Build.0 = Release|ARM
		{C6FC4A70-8CAC-43A5-9413-95BDA6FC5384}.Release|ARM64.ActiveCfg = Release|ARM64
		{C6FC4A70-8CAC-43A5-9413-95BDA6FC5384}.Release|ARM64.Build.0 = Release|ARM64
		{C6FC4A70-8CAC-43A5-9413-95BDA6FC5384}.Release|x64.ActiveCfg = Release|x64
		{C6FC4A70-8CAC-43A5-9413-95BDA6FC5384}.Release|x64.Build.0 = Release|x64
		{C6FC4A70-8CAC-43A5-9413-95BDA6FC5384}.Release|x86.ActiveCfg = Release|x86
		{C6FC4A70-8CAC-43A5-9413-95BDA6FC5384}.Release|x86.Build.0 = Release|x86
		{E0A70D3A-7AD3-4D45-A8DC-16953E7837C1}.Debug|ARM.ActiveCfg = Debug|Win32
		{E0A70D3A-7AD3-4D45-A8DC-16953E7837C1}.Debug|ARM64.ActiveCfg = Debug|Win32
		{E0A70D3A-7AD3-4D45-A8DC-16953E7837C1}.Debug|x64.ActiveCfg = Debug|x64
		{E0A70D3A-7AD3-4D45-A8DC-16953E7837C1}.Debug|x64.Build.0 = Debug|x64
		{E0A70D3A-7AD3-4D45-A8DC-16953E7837C1}.Debug|x86.ActiveCfg = Debug|Win32
		{E0A70D3A-7AD3-4D45-A8DC-16953E7837C1}.Debug|x86.Build.0 = Debug|Win32
		{E0A70D3A-7AD3-4D45-A8DC-16953E7837C1}.Release|ARM.ActiveCfg = Release|Win32
		{E0A70D3A-7AD3-4D45-A8DC-16953E7837C1}.Release|ARM64.ActiveCfg = Release|Win32
		{E0A70D3A-7AD3-4D45-A8DC-16953E7837C1}.Release|x64.ActiveCfg = Release|x64
		{E0A70D3A-7AD3-4D45-A8DC-16953E7837C1}.Release|x64.Build.0 = Release|x64
		{E0A70D3A-7AD3-4D45-A8DC-16953E7837C1}.Release|x86.ActiveCfg = Release|Win32
		{E0A70D3A-7AD3-4D45-A8DC-16953E7837C1}.Release|x86.Build.0 = Release|Win32
		{257F1D16-16A0-4679-8F68-5DAF39215431}.Debug|ARM.ActiveCfg = Debug|Win32
		{257F1D16-16A0-4679-8F68-5DAF39215431}.Debug|ARM64.ActiveCfg = Debug|Win32
		{257F1D16-16A0-4679-8F68-5DAF39215431}.Debug|x64.ActiveCfg = Debug|x64
		{257F1D16-16A0-4679-8F68-5DAF39215431}.Debug|x64.Build.0 = Debug|x64
		{257F1D16-16A0-4679-8F68-5DAF39215431}.Debug|x86.ActiveCfg = Debug|Win32
		{257F1D16-16A0-4679-8F68-5DAF39215431}.Debug|x86.Build.0 = Debug|Win32
		{257F1D16-16A0-4679-8F68-5DAF39215431}.Release|ARM.ActiveCfg = Release|Win32
		{257F1D16-16A0-4679-8F68-5DAF39215431}.Release|ARM64.ActiveCfg = Release|Win32
		{257F1D16-16A0-4679-8F68-5DAF39215431}.Release|x64.ActiveCfg = Release|x64
		{257F1D16-16A0-4679-8F68-5DAF39215431}.Release|x64.Build.0 = Release|x64
		{257F1D16-16A0-4679-8F68-5DAF39215431}.Release|x86.ActiveCfg = Release|Win32
		{257F1D16-16A0-4679-8F68-5DAF39215431}.Release|x86.Build.0 = Release|Win32
	EndGlobalSection
	GlobalSection(SolutionProperties) = preSolution
		HideSolutionNode = FALSE
	EndGlobalSection
	GlobalSection(NestedProjects) = preSolution
		{676A9ED6-A59F-439B-8633-06CB81277222} = {CB298F1D-687B-49E2-AD24-B5B963705558}
		{B06831EA-D0F0-460B-905E-DF836B431CB5} = {CB298F1D-687B-49E2-AD24-B5B963705558}
		{44250D80-2AFF-4A6D-BAA4-1FAF1081CA00} = {676A9ED6-A59F-439B-8633-06CB81277222}
		{F6E47735-2FE8-41BE-8F85-F6CA583E2E90} = {B06831EA-D0F0-460B-905E-DF836B431CB5}
		{AA155740-2FA8-4B11-A604-4DEAABB4AB12} = {B06831EA-D0F0-460B-905E-DF836B431CB5}
		{BB6ED0EA-72C4-4AC5-9516-96537051BA46} = {AA155740-2FA8-4B11-A604-4DEAABB4AB12}
		{C6FC4A70-8CAC-43A5-9413-95BDA6FC5384} = {AA155740-2FA8-4B11-A604-4DEAABB4AB12}
		{93E5F5E7-3ECD-4821-93BD-A9E883119408} = {CB298F1D-687B-49E2-AD24-B5B963705558}
		{E0A70D3A-7AD3-4D45-A8DC-16953E7837C1} = {273CFB2F-3F2E-4DC0-97D3-5AA5271BE232}
		{257F1D16-16A0-4679-8F68-5DAF39215431} = {93E5F5E7-3ECD-4821-93BD-A9E883119408}
	EndGlobalSection
EndGlobal
