<?xml version="1.0" encoding="utf-8"?>
<Project ToolsVersion="4.0" xmlns="http://schemas.microsoft.com/developer/msbuild/2003">
  <ItemGroup>
    <Filter Include="common">
      <UniqueIdentifier>{fa7f7f2e-9ae9-43ca-ab71-88863f6b6795}</UniqueIdentifier>
    </Filter>
    <Filter Include="test">
      <UniqueIdentifier>{ad08d71d-026f-43c5-a818-8c17a63977d6}</UniqueIdentifier>
    </Filter>
    <Filter Include="common\0.build_setting">
      <UniqueIdentifier>{833283df-6706-4191-a35a-923adf2fff6c}</UniqueIdentifier>
    </Filter>
    <Filter Include="common\stl">
      <UniqueIdentifier>{8c57009e-b93f-4f46-a667-06a6c4832e7c}</UniqueIdentifier>
    </Filter>
    <Filter Include="common\base">
      <UniqueIdentifier>{18973302-3a00-40ba-b7fe-af17831f254f}</UniqueIdentifier>
    </Filter>
    <Filter Include="common\allocator">
      <UniqueIdentifier>{6da48ed9-a162-4230-bdfb-ab00520667c3}</UniqueIdentifier>
    </Filter>
    <Filter Include="common\debug">
      <UniqueIdentifier>{bdd1766f-c49a-4e08-9773-943b4baa1889}</UniqueIdentifier>
    </Filter>
    <Filter Include="common\thread">
      <UniqueIdentifier>{9118b065-8563-45ad-88b1-330de8622573}</UniqueIdentifier>
    </Filter>
    <Filter Include="common\utils">
      <UniqueIdentifier>{ce648b42-8d41-4d49-bfa4-75c46a00cdb6}</UniqueIdentifier>
    </Filter>
    <Filter Include="common\file_system">
      <UniqueIdentifier>{48cc5854-323a-417d-a452-29a5e1e491d7}</UniqueIdentifier>
    </Filter>
    <Filter Include="common\math">
      <UniqueIdentifier>{c82c7258-5271-421b-a45b-f4ad9ce21799}</UniqueIdentifier>
    </Filter>
    <Filter Include="common\math\mathfu">
      <UniqueIdentifier>{f045fd45-9215-409d-88e0-73bb722571e7}</UniqueIdentifier>
    </Filter>
    <Filter Include="common\math\mathfu\internal">
      <UniqueIdentifier>{b8704b8b-e6c0-4e58-a53d-f19dee6770cc}</UniqueIdentifier>
    </Filter>
    <Filter Include="common\math\mathfu\vectorial">
      <UniqueIdentifier>{f1562b47-6e10-4166-8ea8-b2e538de1095}</UniqueIdentifier>
    </Filter>
    <Filter Include="common\resource">
      <UniqueIdentifier>{22fe40cd-755e-4fc3-9faf-061b6033ee53}</UniqueIdentifier>
    </Filter>
    <Filter Include="common\serializer">
      <UniqueIdentifier>{381b7e59-f310-4ec3-aba0-d900d52c1e14}</UniqueIdentifier>
    </Filter>
    <Filter Include="common\math\default">
      <UniqueIdentifier>{311b479a-8c11-4e3c-a744-cf782a3155f4}</UniqueIdentifier>
    </Filter>
    <Filter Include="common\input">
      <UniqueIdentifier>{6b799670-57a6-4ab6-86fc-f4555b41f270}</UniqueIdentifier>
    </Filter>
    <Filter Include="runtime">
      <UniqueIdentifier>{6c74b641-ab5a-4aee-ae68-b4b58b88e986}</UniqueIdentifier>
    </Filter>
    <Filter Include="runtime\engine_framework">
      <UniqueIdentifier>{867fb42e-aca1-4707-8880-ae791be752c5}</UniqueIdentifier>
    </Filter>
    <Filter Include="common\input\sdl">
      <UniqueIdentifier>{628d6785-31cd-4a0f-8d7a-bb736829147b}</UniqueIdentifier>
    </Filter>
    <Filter Include="runtime\api">
      <UniqueIdentifier>{dc23cff2-9fb1-4ad0-90e7-57b10a200be4}</UniqueIdentifier>
    </Filter>
    <Filter Include="runtime\api\impl">
      <UniqueIdentifier>{325fc177-cc2f-4286-abb1-123ea7e238ab}</UniqueIdentifier>
    </Filter>
    <Filter Include="lua">
      <UniqueIdentifier>{6f13676a-90f7-466f-9a21-f6e27e97acfb}</UniqueIdentifier>
    </Filter>
    <Filter Include="common\resource\shader">
      <UniqueIdentifier>{468bc345-cf4c-492a-8dd8-25f2e6d63b47}</UniqueIdentifier>
    </Filter>
    <Filter Include="common\memory">
      <UniqueIdentifier>{f46d0adb-5515-4938-959e-4505ac9a089a}</UniqueIdentifier>
    </Filter>
    <Filter Include="common\animation">
      <UniqueIdentifier>{a74e5102-1e6e-4e88-ae63-7c5216f2c893}</UniqueIdentifier>
    </Filter>
    <Filter Include="common\animation\maths">
      <UniqueIdentifier>{de8e2264-007f-417f-9ea2-deba83e8a8ba}</UniqueIdentifier>
    </Filter>
    <Filter Include="common\animation\maths\internal">
      <UniqueIdentifier>{cbbc3bc4-dfaf-437d-8564-981ec871b274}</UniqueIdentifier>
    </Filter>
    <Filter Include="common\animation\io">
      <UniqueIdentifier>{e5838e66-1da5-445d-9468-3db2068f8b3e}</UniqueIdentifier>
    </Filter>
  </ItemGroup>
  <ItemGroup>
    <ClCompile Include="..\..\common\egal-d_test.cpp">
      <Filter>test</Filter>
    </ClCompile>
    <ClCompile Include="..\..\common\egal_string.cpp">
      <Filter>common</Filter>
    </ClCompile>
    <ClCompile Include="..\..\common\debug\debug.cpp">
      <Filter>common\debug</Filter>
    </ClCompile>
    <ClCompile Include="..\..\common\debug\profiler.cpp">
      <Filter>common\debug</Filter>
    </ClCompile>
    <ClCompile Include="..\..\common\thread\job_system.cpp">
      <Filter>common\thread</Filter>
    </ClCompile>
    <ClCompile Include="..\..\common\thread\windows\atomic.cpp">
      <Filter>common\thread</Filter>
    </ClCompile>
    <ClCompile Include="..\..\common\thread\windows\fibers.cpp">
      <Filter>common\thread</Filter>
    </ClCompile>
    <ClCompile Include="..\..\common\thread\windows\sync.cpp">
      <Filter>common\thread</Filter>
    </ClCompile>
    <ClCompile Include="..\..\common\thread\windows\task.cpp">
      <Filter>common\thread</Filter>
    </ClCompile>
    <ClCompile Include="..\..\common\thread\windows\thread.cpp">
      <Filter>common\thread</Filter>
    </ClCompile>
    <ClCompile Include="..\..\common\utils\crc32.cpp">
      <Filter>common\utils</Filter>
    </ClCompile>
    <ClCompile Include="..\..\common\utils\logger.cpp">
      <Filter>common\utils</Filter>
    </ClCompile>
    <ClCompile Include="..\..\common\filesystem\binary.cpp">
      <Filter>common\file_system</Filter>
    </ClCompile>
    <ClCompile Include="..\..\common\filesystem\file_device.cpp">
      <Filter>common\file_system</Filter>
    </ClCompile>
    <ClCompile Include="..\..\common\filesystem\windows\os_file.cpp">
      <Filter>common\file_system</Filter>
    </ClCompile>
    <ClCompile Include="..\..\common\resource\material_manager.cpp">
      <Filter>common\resource</Filter>
    </ClCompile>
    <ClCompile Include="..\..\common\resource\resource_manager.cpp">
      <Filter>common\resource</Filter>
    </ClCompile>
    <ClCompile Include="..\..\common\resource\resource_public.cpp">
      <Filter>common\resource</Filter>
    </ClCompile>
    <ClCompile Include="..\..\common\resource\texture_manager.cpp">
      <Filter>common\resource</Filter>
    </ClCompile>
    <ClCompile Include="..\..\common\serializer\json_serializer.cpp">
      <Filter>common\serializer</Filter>
    </ClCompile>
    <ClCompile Include="..\..\common\serializer\serializer.cpp">
      <Filter>common\serializer</Filter>
    </ClCompile>
    <ClCompile Include="..\..\common\resource\entity_manager.cpp">
      <Filter>common\resource</Filter>
    </ClCompile>
    <ClCompile Include="..\..\common\math\default\matrix.cpp">
      <Filter>common\math\default</Filter>
    </ClCompile>
    <ClCompile Include="..\..\common\math\default\float_x.cpp">
      <Filter>common\math\default</Filter>
    </ClCompile>
    <ClCompile Include="..\..\common\math\default\math_utils.cpp">
      <Filter>common\math\default</Filter>
    </ClCompile>
    <ClCompile Include="..\..\common\math\default\quaternion.cpp">
      <Filter>common\math\default</Filter>
    </ClCompile>
    <ClCompile Include="..\..\common\input\input_system.cpp">
      <Filter>common\input</Filter>
    </ClCompile>
    <ClCompile Include="..\..\runtime\EngineFramework\culling_system.cpp">
      <Filter>runtime\engine_framework</Filter>
    </ClCompile>
    <ClCompile Include="..\..\runtime\EngineFramework\pipeline.cpp">
      <Filter>runtime\engine_framework</Filter>
    </ClCompile>
    <ClCompile Include="..\..\runtime\EngineFramework\renderer.cpp">
      <Filter>runtime\engine_framework</Filter>
    </ClCompile>
    <ClCompile Include="..\..\common\input\reflection.cpp">
      <Filter>common\input</Filter>
    </ClCompile>
    <ClCompile Include="..\..\runtime\EngineFramework\plugin_manager.cpp">
      <Filter>runtime\engine_framework</Filter>
    </ClCompile>
    <ClCompile Include="..\..\common\utils\perf_timer.cpp">
      <Filter>common\utils</Filter>
    </ClCompile>
    <ClCompile Include="..\..\runtime\EngineFramework\engine_root.cpp">
      <Filter>runtime\engine_framework</Filter>
    </ClCompile>
    <ClCompile Include="..\..\common\utils\geometry.cpp">
      <Filter>common\utils</Filter>
    </ClCompile>
    <ClCompile Include="..\..\runtime\EngineFramework\component_manager.cpp">
      <Filter>runtime\engine_framework</Filter>
    </ClCompile>
    <ClCompile Include="..\..\runtime\EngineFramework\buffer.cpp">
      <Filter>runtime\engine_framework</Filter>
    </ClCompile>
    <ClCompile Include="..\..\runtime\Engine.cpp">
      <Filter>runtime</Filter>
    </ClCompile>
    <ClCompile Include="..\..\common\egal-d.cpp">
      <Filter>common</Filter>
    </ClCompile>
    <ClCompile Include="..\..\common\resource\shader_manager.cpp">
      <Filter>common\resource\shader</Filter>
    </ClCompile>
    <ClCompile Include="..\..\runtime\EngineFramework\scene_manager.cpp">
      <Filter>runtime\engine_framework</Filter>
    </ClCompile>
    <ClCompile Include="..\..\runtime\EngineFramework\camera.cpp">
      <Filter>runtime\engine_framework</Filter>
    </ClCompile>
    <ClCompile Include="..\..\common\animation\animation.cc">
      <Filter>common\animation</Filter>
    </ClCompile>
    <ClCompile Include="..\..\common\animation\blending_job.cc">
      <Filter>common\animation</Filter>
    </ClCompile>
    <ClCompile Include="..\..\common\animation\local_to_model_job.cc">
      <Filter>common\animation</Filter>
    </ClCompile>
    <ClCompile Include="..\..\common\animation\sampling_job.cc">
      <Filter>common\animation</Filter>
    </ClCompile>
    <ClCompile Include="..\..\common\animation\skeleton.cc">
      <Filter>common\animation</Filter>
    </ClCompile>
    <ClCompile Include="..\..\common\animation\skeleton_utils.cc">
      <Filter>common\animation</Filter>
    </ClCompile>
    <ClCompile Include="..\..\common\animation\skinning_job.cc">
      <Filter>common\animation</Filter>
    </ClCompile>
    <ClCompile Include="..\..\common\animation\maths\box.cc">
      <Filter>common\animation\maths</Filter>
    </ClCompile>
    <ClCompile Include="..\..\common\animation\maths\math_archive.cc">
      <Filter>common\animation\maths</Filter>
    </ClCompile>
    <ClCompile Include="..\..\common\animation\maths\simd_math.cc">
      <Filter>common\animation\maths</Filter>
    </ClCompile>
    <ClCompile Include="..\..\common\animation\maths\simd_math_archive.cc">
      <Filter>common\animation\maths</Filter>
    </ClCompile>
    <ClCompile Include="..\..\common\animation\maths\soa_math_archive.cc">
      <Filter>common\animation\maths</Filter>
    </ClCompile>
    <ClCompile Include="..\..\common\animation\io\archive.cc">
      <Filter>common\animation\io</Filter>
    </ClCompile>
    <ClCompile Include="..\..\common\animation\io\stream.cc">
      <Filter>common\animation\io</Filter>
    </ClCompile>
    <ClCompile Include="..\..\common\resource\entity_serializer.cpp">
      <Filter>common\resource</Filter>
    </ClCompile>
    <ClCompile Include="..\..\common\resource\material_serializer.cpp">
      <Filter>common\resource</Filter>
    </ClCompile>
  </ItemGroup>
  <ItemGroup>
    <ClInclude Include="..\..\common\config.h">
      <Filter>common\0.build_setting</Filter>
    </ClInclude>
    <ClInclude Include="..\..\common\type.h">
      <Filter>common\base</Filter>
    </ClInclude>
    <ClInclude Include="..\..\common\platform.h">
      <Filter>common\base</Filter>
    </ClInclude>
    <ClInclude Include="..\..\common\define.h">
      <Filter>common\base</Filter>
    </ClInclude>
    <ClInclude Include="..\..\common\template.h">
      <Filter>common\base</Filter>
    </ClInclude>
    <ClInclude Include="..\..\common\struct.h">
      <Filter>common\base</Filter>
    </ClInclude>
    <ClInclude Include="..\..\common\egal-d.h">
      <Filter>common</Filter>
    </ClInclude>
    <ClInclude Include="..\..\common\math\mathfu\constants.h">
      <Filter>common\math\mathfu</Filter>
    </ClInclude>
    <ClInclude Include="..\..\common\math\mathfu\glsl_mappings.h">
      <Filter>common\math\mathfu</Filter>
    </ClInclude>
    <ClInclude Include="..\..\common\math\mathfu\hlsl_mappings.h">
      <Filter>common\math\mathfu</Filter>
    </ClInclude>
    <ClInclude Include="..\..\common\math\mathfu\io.h">
      <Filter>common\math\mathfu</Filter>
    </ClInclude>
    <ClInclude Include="..\..\common\math\mathfu\matrix.h">
      <Filter>common\math\mathfu</Filter>
    </ClInclude>
    <ClInclude Include="..\..\common\math\mathfu\matrix_4x4.h">
      <Filter>common\math\mathfu</Filter>
    </ClInclude>
    <ClInclude Include="..\..\common\math\mathfu\quaternion.h">
      <Filter>common\math\mathfu</Filter>
    </ClInclude>
    <ClInclude Include="..\..\common\math\mathfu\rect.h">
      <Filter>common\math\mathfu</Filter>
    </ClInclude>
    <ClInclude Include="..\..\common\math\mathfu\utilities.h">
      <Filter>common\math\mathfu</Filter>
    </ClInclude>
    <ClInclude Include="..\..\common\math\mathfu\internal\disable_warnings_begin.h">
      <Filter>common\math\mathfu\internal</Filter>
    </ClInclude>
    <ClInclude Include="..\..\common\math\mathfu\internal\disable_warnings_end.h">
      <Filter>common\math\mathfu\internal</Filter>
    </ClInclude>
    <ClInclude Include="..\..\common\math\mathfu\internal\matrix_4x4_simd.h">
      <Filter>common\math\mathfu\internal</Filter>
    </ClInclude>
    <ClInclude Include="..\..\common\math\mathfu\internal\vector_2.h">
      <Filter>common\math\mathfu\internal</Filter>
    </ClInclude>
    <ClInclude Include="..\..\common\math\mathfu\internal\vector_2_simd.h">
      <Filter>common\math\mathfu\internal</Filter>
    </ClInclude>
    <ClInclude Include="..\..\common\math\mathfu\internal\vector_3.h">
      <Filter>common\math\mathfu\internal</Filter>
    </ClInclude>
    <ClInclude Include="..\..\common\math\mathfu\internal\vector_3_simd.h">
      <Filter>common\math\mathfu\internal</Filter>
    </ClInclude>
    <ClInclude Include="..\..\common\math\mathfu\internal\vector_4.h">
      <Filter>common\math\mathfu\internal</Filter>
    </ClInclude>
    <ClInclude Include="..\..\common\math\mathfu\internal\vector_4_simd.h">
      <Filter>common\math\mathfu\internal</Filter>
    </ClInclude>
    <ClInclude Include="..\..\common\math\mathfu\vectorial\config.h">
      <Filter>common\math\mathfu\vectorial</Filter>
    </ClInclude>
    <ClInclude Include="..\..\common\math\mathfu\vectorial\mat4f.h">
      <Filter>common\math\mathfu\vectorial</Filter>
    </ClInclude>
    <ClInclude Include="..\..\common\math\mathfu\vectorial\simd2f.h">
      <Filter>common\math\mathfu\vectorial</Filter>
    </ClInclude>
    <ClInclude Include="..\..\common\math\mathfu\vectorial\simd2f_common.h">
      <Filter>common\math\mathfu\vectorial</Filter>
    </ClInclude>
    <ClInclude Include="..\..\common\math\mathfu\vectorial\simd2f_neon.h">
      <Filter>common\math\mathfu\vectorial</Filter>
    </ClInclude>
    <ClInclude Include="..\..\common\math\mathfu\vectorial\simd4f.h">
      <Filter>common\math\mathfu\vectorial</Filter>
    </ClInclude>
    <ClInclude Include="..\..\common\math\mathfu\vectorial\simd4f_common.h">
      <Filter>common\math\mathfu\vectorial</Filter>
    </ClInclude>
    <ClInclude Include="..\..\common\math\mathfu\vectorial\simd4f_gnu.h">
      <Filter>common\math\mathfu\vectorial</Filter>
    </ClInclude>
    <ClInclude Include="..\..\common\math\mathfu\vectorial\simd4f_neon.h">
      <Filter>common\math\mathfu\vectorial</Filter>
    </ClInclude>
    <ClInclude Include="..\..\common\math\mathfu\vectorial\simd4f_scalar.h">
      <Filter>common\math\mathfu\vectorial</Filter>
    </ClInclude>
    <ClInclude Include="..\..\common\math\mathfu\vectorial\simd4f_sse.h">
      <Filter>common\math\mathfu\vectorial</Filter>
    </ClInclude>
    <ClInclude Include="..\..\common\math\mathfu\vectorial\simd4x4f.h">
      <Filter>common\math\mathfu\vectorial</Filter>
    </ClInclude>
    <ClInclude Include="..\..\common\math\mathfu\vectorial\simd4x4f_gnu.h">
      <Filter>common\math\mathfu\vectorial</Filter>
    </ClInclude>
    <ClInclude Include="..\..\common\math\mathfu\vectorial\simd4x4f_neon.h">
      <Filter>common\math\mathfu\vectorial</Filter>
    </ClInclude>
    <ClInclude Include="..\..\common\math\mathfu\vectorial\simd4x4f_scalar.h">
      <Filter>common\math\mathfu\vectorial</Filter>
    </ClInclude>
    <ClInclude Include="..\..\common\math\mathfu\vectorial\simd4x4f_sse.h">
      <Filter>common\math\mathfu\vectorial</Filter>
    </ClInclude>
    <ClInclude Include="..\..\common\math\mathfu\vectorial\vec_convert.h">
      <Filter>common\math\mathfu\vectorial</Filter>
    </ClInclude>
    <ClInclude Include="..\..\common\math\mathfu\vectorial\vec2f.h">
      <Filter>common\math\mathfu\vectorial</Filter>
    </ClInclude>
    <ClInclude Include="..\..\common\math\mathfu\vectorial\vec3f.h">
      <Filter>common\math\mathfu\vectorial</Filter>
    </ClInclude>
    <ClInclude Include="..\..\common\math\mathfu\vectorial\vec4f.h">
      <Filter>common\math\mathfu\vectorial</Filter>
    </ClInclude>
    <ClInclude Include="..\..\common\math\mathfu\vectorial\vectorial.h">
      <Filter>common\math\mathfu\vectorial</Filter>
    </ClInclude>
    <ClInclude Include="..\..\common\allocator\proxy_allocator.h">
      <Filter>common\allocator</Filter>
    </ClInclude>
    <ClInclude Include="..\..\common\math\egal_math.h">
      <Filter>common\math</Filter>
    </ClInclude>
    <ClInclude Include="..\..\common\egal_string.h">
      <Filter>common</Filter>
    </ClInclude>
    <ClInclude Include="..\..\common\debug\debug.h">
      <Filter>common\debug</Filter>
    </ClInclude>
    <ClInclude Include="..\..\common\debug\profiler.h">
      <Filter>common\debug</Filter>
    </ClInclude>
    <ClInclude Include="..\..\common\thread\atomic.h">
      <Filter>common\thread</Filter>
    </ClInclude>
    <ClInclude Include="..\..\common\thread\fibers.h">
      <Filter>common\thread</Filter>
    </ClInclude>
    <ClInclude Include="..\..\common\thread\job_system.h">
      <Filter>common\thread</Filter>
    </ClInclude>
    <ClInclude Include="..\..\common\thread\lock_free_fixed_queue.h">
      <Filter>common\thread</Filter>
    </ClInclude>
    <ClInclude Include="..\..\common\thread\sync.h">
      <Filter>common\thread</Filter>
    </ClInclude>
    <ClInclude Include="..\..\common\thread\task.h">
      <Filter>common\thread</Filter>
    </ClInclude>
    <ClInclude Include="..\..\common\thread\thread.h">
      <Filter>common\thread</Filter>
    </ClInclude>
    <ClInclude Include="..\..\common\thread\transaction.h">
      <Filter>common\thread</Filter>
    </ClInclude>
    <ClInclude Include="..\..\common\utils\crc32.h">
      <Filter>common\utils</Filter>
    </ClInclude>
    <ClInclude Include="..\..\common\utils\geometry.h">
      <Filter>common\utils</Filter>
    </ClInclude>
    <ClInclude Include="..\..\common\utils\logger.h">
      <Filter>common\utils</Filter>
    </ClInclude>
    <ClInclude Include="..\..\common\utils\perf_timer.h">
      <Filter>common\utils</Filter>
    </ClInclude>
    <ClInclude Include="..\..\common\utils\sharedptr.h">
      <Filter>common\utils</Filter>
    </ClInclude>
    <ClInclude Include="..\..\common\utils\singleton.h">
      <Filter>common\utils</Filter>
    </ClInclude>
    <ClInclude Include="..\..\common\filesystem\binary.h">
      <Filter>common\file_system</Filter>
    </ClInclude>
    <ClInclude Include="..\..\common\filesystem\file_device.h">
      <Filter>common\file_system</Filter>
    </ClInclude>
    <ClInclude Include="..\..\common\filesystem\ifile_device.h">
      <Filter>common\file_system</Filter>
    </ClInclude>
    <ClInclude Include="..\..\common\filesystem\os_file.h">
      <Filter>common\file_system</Filter>
    </ClInclude>
    <ClInclude Include="..\..\common\resource\material_manager.h">
      <Filter>common\resource</Filter>
    </ClInclude>
    <ClInclude Include="..\..\common\resource\resource_define.h">
      <Filter>common\resource</Filter>
    </ClInclude>
    <ClInclude Include="..\..\common\resource\resource_manager.h">
      <Filter>common\resource</Filter>
    </ClInclude>
    <ClInclude Include="..\..\common\resource\resource_public.h">
      <Filter>common\resource</Filter>
    </ClInclude>
    <ClInclude Include="..\..\common\resource\texture_manager.h">
      <Filter>common\resource</Filter>
    </ClInclude>
    <ClInclude Include="..\..\common\serializer\json_serializer.h">
      <Filter>common\serializer</Filter>
    </ClInclude>
    <ClInclude Include="..\..\common\serializer\serializer.h">
      <Filter>common\serializer</Filter>
    </ClInclude>
    <ClInclude Include="..\..\common\resource\entity_manager.h">
      <Filter>common\resource</Filter>
    </ClInclude>
    <ClInclude Include="..\..\common\math\default\matrix.h">
      <Filter>common\math\default</Filter>
    </ClInclude>
    <ClInclude Include="..\..\common\math\default\simd.h">
      <Filter>common\math\default</Filter>
    </ClInclude>
    <ClInclude Include="..\..\common\math\default\float_x.h">
      <Filter>common\math\default</Filter>
    </ClInclude>
    <ClInclude Include="..\..\common\math\math_const.h">
      <Filter>common\math</Filter>
    </ClInclude>
    <ClInclude Include="..\..\common\math\default\math_utils.h">
      <Filter>common\math\default</Filter>
    </ClInclude>
    <ClInclude Include="..\..\common\math\default\quaternion.h">
      <Filter>common\math\default</Filter>
    </ClInclude>
    <ClInclude Include="..\..\common\lua\lua_manager.h">
      <Filter>lua</Filter>
    </ClInclude>
    <ClInclude Include="..\..\common\input\input_system.h">
      <Filter>common\input</Filter>
    </ClInclude>
    <ClInclude Include="..\..\common\allocator\pool_allocator.h">
      <Filter>common\allocator</Filter>
    </ClInclude>
    <ClInclude Include="..\..\common\input\reflection.h">
      <Filter>common\input</Filter>
    </ClInclude>
    <ClInclude Include="..\..\common\input\scancode.h">
      <Filter>common\input\sdl</Filter>
    </ClInclude>
    <ClInclude Include="..\..\common\input\keycode.h">
      <Filter>common\input\sdl</Filter>
    </ClInclude>
    <ClInclude Include="..\..\common\allocator\lifo_allocator.h">
      <Filter>common\allocator</Filter>
    </ClInclude>
    <ClInclude Include="..\..\common\lua\lua_function.h">
      <Filter>lua</Filter>
    </ClInclude>
    <ClInclude Include="..\..\runtime\EngineFramework\component_manager.h">
      <Filter>runtime\engine_framework</Filter>
    </ClInclude>
    <ClInclude Include="..\..\runtime\EngineFramework\culling_system.h">
      <Filter>runtime\engine_framework</Filter>
    </ClInclude>
    <ClInclude Include="..\..\runtime\EngineFramework\engine_root.h">
      <Filter>runtime\engine_framework</Filter>
    </ClInclude>
    <ClInclude Include="..\..\runtime\EngineFramework\pipeline.h">
      <Filter>runtime\engine_framework</Filter>
    </ClInclude>
    <ClInclude Include="..\..\runtime\EngineFramework\plugin_manager.h">
      <Filter>runtime\engine_framework</Filter>
    </ClInclude>
    <ClInclude Include="..\..\runtime\EngineFramework\renderer.h">
      <Filter>runtime\engine_framework</Filter>
    </ClInclude>
    <ClInclude Include="..\..\runtime\EngineFramework\scene_manager.h">
      <Filter>runtime\engine_framework</Filter>
    </ClInclude>
    <ClInclude Include="..\..\runtime\EngineFramework\buffer.h">
      <Filter>runtime\engine_framework</Filter>
    </ClInclude>
    <ClInclude Include="..\..\runtime\api\IApplication.h">
      <Filter>runtime\api</Filter>
    </ClInclude>
    <ClInclude Include="..\..\runtime\api\ICamera.h">
      <Filter>runtime\api</Filter>
    </ClInclude>
    <ClInclude Include="..\..\runtime\api\IFileSystem.h">
      <Filter>runtime\api</Filter>
    </ClInclude>
    <ClInclude Include="..\..\runtime\api\IGameObject.h">
      <Filter>runtime\api</Filter>
    </ClInclude>
    <ClInclude Include="..\..\runtime\api\IScene.h">
      <Filter>runtime\api</Filter>
    </ClInclude>
    <ClInclude Include="..\..\runtime\api\ISeed.h">
      <Filter>runtime\api</Filter>
    </ClInclude>
    <ClInclude Include="..\..\runtime\api\ISound.h">
      <Filter>runtime\api</Filter>
    </ClInclude>
    <ClInclude Include="..\..\runtime\api\IType.h">
      <Filter>runtime\api</Filter>
    </ClInclude>
    <ClInclude Include="..\..\runtime\api\impl\Level.h">
      <Filter>runtime\api\impl</Filter>
    </ClInclude>
    <ClInclude Include="..\..\runtime\api\impl\Application.h">
      <Filter>runtime\api\impl</Filter>
    </ClInclude>
    <ClInclude Include="..\..\runtime\api\impl\FileSystem.h">
      <Filter>runtime\api\impl</Filter>
    </ClInclude>
    <ClInclude Include="..\..\runtime\api\impl\Camera.h">
      <Filter>runtime\api\impl</Filter>
    </ClInclude>
    <ClInclude Include="..\..\runtime\api\impl\GameObject.h">
      <Filter>runtime\api\impl</Filter>
    </ClInclude>
    <ClInclude Include="..\..\runtime\IEngine.h">
      <Filter>runtime</Filter>
    </ClInclude>
    <ClInclude Include="..\..\runtime\Engine.h">
      <Filter>runtime</Filter>
    </ClInclude>
    <ClInclude Include="..\..\common\egal_const.h">
      <Filter>common</Filter>
    </ClInclude>
    <ClInclude Include="..\..\common\lua\lua_shader.h">
      <Filter>lua</Filter>
    </ClInclude>
    <ClInclude Include="..\..\common\lua\lua_pipeline.h">
      <Filter>lua</Filter>
    </ClInclude>
    <ClInclude Include="..\..\common\allocator\bgfx_allocator.h">
      <Filter>common\allocator</Filter>
    </ClInclude>
    <ClInclude Include="..\..\common\lua\lua_scene_manager.h">
      <Filter>lua</Filter>
    </ClInclude>
    <ClInclude Include="..\..\common\math\mathfu\vector.h">
      <Filter>common\math\mathfu</Filter>
    </ClInclude>
    <ClInclude Include="..\..\common\allocator\egal_allocator.h">
      <Filter>common\allocator</Filter>
    </ClInclude>
    <ClInclude Include="..\..\common\resource\shader_manager.h">
      <Filter>common\resource\shader</Filter>
    </ClInclude>
    <ClInclude Include="..\..\common\input\framework_listener.h">
      <Filter>common\input</Filter>
    </ClInclude>
    <ClInclude Include="..\..\common\stl\delegate.h">
      <Filter>common\stl</Filter>
    </ClInclude>
    <ClInclude Include="..\..\common\stl\delegate_list.h">
      <Filter>common\stl</Filter>
    </ClInclude>
    <ClInclude Include="..\..\common\stl\thash_map.h">
      <Filter>common\stl</Filter>
    </ClInclude>
    <ClInclude Include="..\..\common\stl\tmap.h">
      <Filter>common\stl</Filter>
    </ClInclude>
    <ClInclude Include="..\..\common\stl\tqueue.h">
      <Filter>common\stl</Filter>
    </ClInclude>
    <ClInclude Include="..\..\runtime\EngineFramework\camera.h">
      <Filter>runtime\engine_framework</Filter>
    </ClInclude>
    <ClInclude Include="..\..\common\animation\animation.h">
      <Filter>common\animation</Filter>
    </ClInclude>
    <ClInclude Include="..\..\common\animation\animation_keyframe.h">
      <Filter>common\animation</Filter>
    </ClInclude>
    <ClInclude Include="..\..\common\animation\blending_job.h">
      <Filter>common\animation</Filter>
    </ClInclude>
    <ClInclude Include="..\..\common\animation\local_to_model_job.h">
      <Filter>common\animation</Filter>
    </ClInclude>
    <ClInclude Include="..\..\common\animation\sampling_job.h">
      <Filter>common\animation</Filter>
    </ClInclude>
    <ClInclude Include="..\..\common\animation\skeleton.h">
      <Filter>common\animation</Filter>
    </ClInclude>
    <ClInclude Include="..\..\common\animation\skeleton_utils.h">
      <Filter>common\animation</Filter>
    </ClInclude>
    <ClInclude Include="..\..\common\animation\skinning_job.h">
      <Filter>common\animation</Filter>
    </ClInclude>
    <ClInclude Include="..\..\common\animation\maths\box.h">
      <Filter>common\animation\maths</Filter>
    </ClInclude>
    <ClInclude Include="..\..\common\animation\maths\gtest_math_helper.h">
      <Filter>common\animation\maths</Filter>
    </ClInclude>
    <ClInclude Include="..\..\common\animation\maths\math_archive.h">
      <Filter>common\animation\maths</Filter>
    </ClInclude>
    <ClInclude Include="..\..\common\animation\maths\math_constant.h">
      <Filter>common\animation\maths</Filter>
    </ClInclude>
    <ClInclude Include="..\..\common\animation\maths\math_ex.h">
      <Filter>common\animation\maths</Filter>
    </ClInclude>
    <ClInclude Include="..\..\common\animation\maths\quaternion.h">
      <Filter>common\animation\maths</Filter>
    </ClInclude>
    <ClInclude Include="..\..\common\animation\maths\rect.h">
      <Filter>common\animation\maths</Filter>
    </ClInclude>
    <ClInclude Include="..\..\common\animation\maths\simd_math.h">
      <Filter>common\animation\maths</Filter>
    </ClInclude>
    <ClInclude Include="..\..\common\animation\maths\simd_math_archive.h">
      <Filter>common\animation\maths</Filter>
    </ClInclude>
    <ClInclude Include="..\..\common\animation\maths\soa_float.h">
      <Filter>common\animation\maths</Filter>
    </ClInclude>
    <ClInclude Include="..\..\common\animation\maths\soa_float4x4.h">
      <Filter>common\animation\maths</Filter>
    </ClInclude>
    <ClInclude Include="..\..\common\animation\maths\soa_math_archive.h">
      <Filter>common\animation\maths</Filter>
    </ClInclude>
    <ClInclude Include="..\..\common\animation\maths\soa_quaternion.h">
      <Filter>common\animation\maths</Filter>
    </ClInclude>
    <ClInclude Include="..\..\common\animation\maths\soa_transform.h">
      <Filter>common\animation\maths</Filter>
    </ClInclude>
    <ClInclude Include="..\..\common\animation\maths\transform.h">
      <Filter>common\animation\maths</Filter>
    </ClInclude>
    <ClInclude Include="..\..\common\animation\maths\vec_float.h">
      <Filter>common\animation\maths</Filter>
    </ClInclude>
    <ClInclude Include="..\..\common\animation\maths\internal\simd_math_config.h">
      <Filter>common\animation\maths\internal</Filter>
    </ClInclude>
    <ClInclude Include="..\..\common\animation\maths\internal\simd_math_ref-inl.h">
      <Filter>common\animation\maths\internal</Filter>
    </ClInclude>
    <ClInclude Include="..\..\common\animation\maths\internal\simd_math_sse-inl.h">
      <Filter>common\animation\maths\internal</Filter>
    </ClInclude>
    <ClInclude Include="..\..\common\animation\platform.h">
      <Filter>common\animation</Filter>
    </ClInclude>
    <ClInclude Include="..\..\common\animation\io\archive.h">
      <Filter>common\animation\io</Filter>
    </ClInclude>
    <ClInclude Include="..\..\common\animation\io\archive_traits.h">
      <Filter>common\animation\io</Filter>
    </ClInclude>
    <ClInclude Include="..\..\common\animation\io\stream.h">
      <Filter>common\animation\io</Filter>
    </ClInclude>
    <ClInclude Include="..\..\common\animation\io\endianness.h">
      <Filter>common\animation\io</Filter>
    </ClInclude>
    <ClInclude Include="..\..\common\allocator\std_allocator.h">
      <Filter>common\allocator</Filter>
    </ClInclude>
    <ClInclude Include="..\..\common\stl\tarrary.h">
      <Filter>common\stl</Filter>
    </ClInclude>
  </ItemGroup>
  <ItemGroup>
    <Text Include="..\..\common\resource\entity.txt">
      <Filter>common\resource</Filter>
    </Text>
  </ItemGroup>
</Project>